// !$*UTF8*$!
{
	archiveVersion = 1;
	classes = {
	};
	objectVersion = 50;
	objects = {

/* Begin PBXBuildFile section */
		E46E033A240D094B0080DFC1 /* AppDelegate.swift in Sources */ = {isa = PBXBuildFile; fileRef = E46E0339240D094B0080DFC1 /* AppDelegate.swift */; };
		E46E033C240D094B0080DFC1 /* SceneDelegate.swift in Sources */ = {isa = PBXBuildFile; fileRef = E46E033B240D094B0080DFC1 /* SceneDelegate.swift */; };
		E46E033E240D094B0080DFC1 /* ViewController.swift in Sources */ = {isa = PBXBuildFile; fileRef = E46E033D240D094B0080DFC1 /* ViewController.swift */; };
		E46E0341240D094B0080DFC1 /* Main.storyboard in Resources */ = {isa = PBXBuildFile; fileRef = E46E033F240D094B0080DFC1 /* Main.storyboard */; };
		E46E0343240D094C0080DFC1 /* Assets.xcassets in Resources */ = {isa = PBXBuildFile; fileRef = E46E0342240D094C0080DFC1 /* Assets.xcassets */; };
		E46E0346240D094C0080DFC1 /* LaunchScreen.storyboard in Resources */ = {isa = PBXBuildFile; fileRef = E46E0344240D094C0080DFC1 /* LaunchScreen.storyboard */; };
		E46E0351240D094C0080DFC1 /* WeatherLoggerTests.swift in Sources */ = {isa = PBXBuildFile; fileRef = E46E0350240D094C0080DFC1 /* WeatherLoggerTests.swift */; };
		E46E035C240D094C0080DFC1 /* WeatherLoggerUITests.swift in Sources */ = {isa = PBXBuildFile; fileRef = E46E035B240D094C0080DFC1 /* WeatherLoggerUITests.swift */; };
/* End PBXBuildFile section */

/* Begin PBXContainerItemProxy section */
		E46E034D240D094C0080DFC1 /* PBXContainerItemProxy */ = {
			isa = PBXContainerItemProxy;
			containerPortal = E46E032E240D094A0080DFC1 /* Project object */;
			proxyType = 1;
			remoteGlobalIDString = E46E0335240D094B0080DFC1;
			remoteInfo = WeatherLogger;
		};
		E46E0358240D094C0080DFC1 /* PBXContainerItemProxy */ = {
			isa = PBXContainerItemProxy;
			containerPortal = E46E032E240D094A0080DFC1 /* Project object */;
			proxyType = 1;
			remoteGlobalIDString = E46E0335240D094B0080DFC1;
			remoteInfo = WeatherLogger;
		};
/* End PBXContainerItemProxy section */

/* Begin PBXFileReference section */
		E46E0336240D094B0080DFC1 /* WeatherLogger.app */ = {isa = PBXFileReference; explicitFileType = wrapper.application; includeInIndex = 0; path = WeatherLogger.app; sourceTree = BUILT_PRODUCTS_DIR; };
		E46E0339240D094B0080DFC1 /* AppDelegate.swift */ = {isa = PBXFileReference; lastKnownFileType = sourcecode.swift; path = AppDelegate.swift; sourceTree = "<group>"; };
		E46E033B240D094B0080DFC1 /* SceneDelegate.swift */ = {isa = PBXFileReference; lastKnownFileType = sourcecode.swift; path = SceneDelegate.swift; sourceTree = "<group>"; };
		E46E033D240D094B0080DFC1 /* ViewController.swift */ = {isa = PBXFileReference; lastKnownFileType = sourcecode.swift; path = ViewController.swift; sourceTree = "<group>"; };
		E46E0340240D094B0080DFC1 /* Base */ = {isa = PBXFileReference; lastKnownFileType = file.storyboard; name = Base; path = Base.lproj/Main.storyboard; sourceTree = "<group>"; };
		E46E0342240D094C0080DFC1 /* Assets.xcassets */ = {isa = PBXFileReference; lastKnownFileType = folder.assetcatalog; path = Assets.xcassets; sourceTree = "<group>"; };
		E46E0345240D094C0080DFC1 /* Base */ = {isa = PBXFileReference; lastKnownFileType = file.storyboard; name = Base; path = Base.lproj/LaunchScreen.storyboard; sourceTree = "<group>"; };
		E46E0347240D094C0080DFC1 /* Info.plist */ = {isa = PBXFileReference; lastKnownFileType = text.plist.xml; path = Info.plist; sourceTree = "<group>"; };
		E46E034C240D094C0080DFC1 /* WeatherLoggerTests.xctest */ = {isa = PBXFileReference; explicitFileType = wrapper.cfbundle; includeInIndex = 0; path = WeatherLoggerTests.xctest; sourceTree = BUILT_PRODUCTS_DIR; };
		E46E0350240D094C0080DFC1 /* WeatherLoggerTests.swift */ = {isa = PBXFileReference; lastKnownFileType = sourcecode.swift; path = WeatherLoggerTests.swift; sourceTree = "<group>"; };
		E46E0352240D094C0080DFC1 /* Info.plist */ = {isa = PBXFileReference; lastKnownFileType = text.plist.xml; path = Info.plist; sourceTree = "<group>"; };
		E46E0357240D094C0080DFC1 /* WeatherLoggerUITests.xctest */ = {isa = PBXFileReference; explicitFileType = wrapper.cfbundle; includeInIndex = 0; path = WeatherLoggerUITests.xctest; sourceTree = BUILT_PRODUCTS_DIR; };
		E46E035B240D094C0080DFC1 /* WeatherLoggerUITests.swift */ = {isa = PBXFileReference; lastKnownFileType = sourcecode.swift; path = WeatherLoggerUITests.swift; sourceTree = "<group>"; };
		E46E035D240D094C0080DFC1 /* Info.plist */ = {isa = PBXFileReference; lastKnownFileType = text.plist.xml; path = Info.plist; sourceTree = "<group>"; };
/* End PBXFileReference section */

/* Begin PBXFrameworksBuildPhase section */
		E46E0333240D094B0080DFC1 /* Frameworks */ = {
			isa = PBXFrameworksBuildPhase;
			buildActionMask = 2147483647;
			files = (
			);
			runOnlyForDeploymentPostprocessing = 0;
		};
		E46E0349240D094C0080DFC1 /* Frameworks */ = {
			isa = PBXFrameworksBuildPhase;
			buildActionMask = 2147483647;
			files = (
			);
			runOnlyForDeploymentPostprocessing = 0;
		};
		E46E0354240D094C0080DFC1 /* Frameworks */ = {
			isa = PBXFrameworksBuildPhase;
			buildActionMask = 2147483647;
			files = (
			);
			runOnlyForDeploymentPostprocessing = 0;
		};
/* End PBXFrameworksBuildPhase section */

/* Begin PBXGroup section */
		E46E032D240D094A0080DFC1 = {
			isa = PBXGroup;
			children = (
				E46E0338240D094B0080DFC1 /* WeatherLogger */,
				E46E034F240D094C0080DFC1 /* WeatherLoggerTests */,
				E46E035A240D094C0080DFC1 /* WeatherLoggerUITests */,
				E46E0337240D094B0080DFC1 /* Products */,
			);
			sourceTree = "<group>";
		};
		E46E0337240D094B0080DFC1 /* Products */ = {
			isa = PBXGroup;
			children = (
				E46E0336240D094B0080DFC1 /* WeatherLogger.app */,
				E46E034C240D094C0080DFC1 /* WeatherLoggerTests.xctest */,
				E46E0357240D094C0080DFC1 /* WeatherLoggerUITests.xctest */,
			);
			name = Products;
			sourceTree = "<group>";
		};
		E46E0338240D094B0080DFC1 /* WeatherLogger */ = {
			isa = PBXGroup;
			children = (
				E46E0339240D094B0080DFC1 /* AppDelegate.swift */,
				E46E033B240D094B0080DFC1 /* SceneDelegate.swift */,
				E46E033D240D094B0080DFC1 /* ViewController.swift */,
				E46E033F240D094B0080DFC1 /* Main.storyboard */,
				E46E0342240D094C0080DFC1 /* Assets.xcassets */,
				E46E0344240D094C0080DFC1 /* LaunchScreen.storyboard */,
				E46E0347240D094C0080DFC1 /* Info.plist */,
			);
			path = WeatherLogger;
			sourceTree = "<group>";
		};
		E46E034F240D094C0080DFC1 /* WeatherLoggerTests */ = {
			isa = PBXGroup;
			children = (
				E46E0350240D094C0080DFC1 /* WeatherLoggerTests.swift */,
				E46E0352240D094C0080DFC1 /* Info.plist */,
			);
			path = WeatherLoggerTests;
			sourceTree = "<group>";
		};
		E46E035A240D094C0080DFC1 /* WeatherLoggerUITests */ = {
			isa = PBXGroup;
			children = (
				E46E035B240D094C0080DFC1 /* WeatherLoggerUITests.swift */,
				E46E035D240D094C0080DFC1 /* Info.plist */,
			);
			path = WeatherLoggerUITests;
			sourceTree = "<group>";
		};
/* End PBXGroup section */

/* Begin PBXNativeTarget section */
		E46E0335240D094B0080DFC1 /* WeatherLogger */ = {
			isa = PBXNativeTarget;
			buildConfigurationList = E46E0360240D094C0080DFC1 /* Build configuration list for PBXNativeTarget "WeatherLogger" */;
			buildPhases = (
				E46E0332240D094B0080DFC1 /* Sources */,
				E46E0333240D094B0080DFC1 /* Frameworks */,
				E46E0334240D094B0080DFC1 /* Resources */,
			);
			buildRules = (
			);
			dependencies = (
			);
			name = WeatherLogger;
			productName = WeatherLogger;
			productReference = E46E0336240D094B0080DFC1 /* WeatherLogger.app */;
			productType = "com.apple.product-type.application";
		};
		E46E034B240D094C0080DFC1 /* WeatherLoggerTests */ = {
			isa = PBXNativeTarget;
			buildConfigurationList = E46E0363240D094C0080DFC1 /* Build configuration list for PBXNativeTarget "WeatherLoggerTests" */;
			buildPhases = (
				E46E0348240D094C0080DFC1 /* Sources */,
				E46E0349240D094C0080DFC1 /* Frameworks */,
				E46E034A240D094C0080DFC1 /* Resources */,
			);
			buildRules = (
			);
			dependencies = (
				E46E034E240D094C0080DFC1 /* PBXTargetDependency */,
			);
			name = WeatherLoggerTests;
			productName = WeatherLoggerTests;
			productReference = E46E034C240D094C0080DFC1 /* WeatherLoggerTests.xctest */;
			productType = "com.apple.product-type.bundle.unit-test";
		};
		E46E0356240D094C0080DFC1 /* WeatherLoggerUITests */ = {
			isa = PBXNativeTarget;
			buildConfigurationList = E46E0366240D094C0080DFC1 /* Build configuration list for PBXNativeTarget "WeatherLoggerUITests" */;
			buildPhases = (
				E46E0353240D094C0080DFC1 /* Sources */,
				E46E0354240D094C0080DFC1 /* Frameworks */,
				E46E0355240D094C0080DFC1 /* Resources */,
			);
			buildRules = (
			);
			dependencies = (
				E46E0359240D094C0080DFC1 /* PBXTargetDependency */,
			);
			name = WeatherLoggerUITests;
			productName = WeatherLoggerUITests;
			productReference = E46E0357240D094C0080DFC1 /* WeatherLoggerUITests.xctest */;
			productType = "com.apple.product-type.bundle.ui-testing";
		};
/* End PBXNativeTarget section */

/* Begin PBXProject section */
		E46E032E240D094A0080DFC1 /* Project object */ = {
			isa = PBXProject;
			attributes = {
				LastSwiftUpdateCheck = 1130;
				LastUpgradeCheck = 1130;
				ORGANIZATIONNAME = "Arpatech Pvt. Ltd.";
				TargetAttributes = {
					E46E0335240D094B0080DFC1 = {
						CreatedOnToolsVersion = 11.3;
					};
					E46E034B240D094C0080DFC1 = {
						CreatedOnToolsVersion = 11.3;
						TestTargetID = E46E0335240D094B0080DFC1;
					};
					E46E0356240D094C0080DFC1 = {
						CreatedOnToolsVersion = 11.3;
						TestTargetID = E46E0335240D094B0080DFC1;
					};
				};
			};
			buildConfigurationList = E46E0331240D094A0080DFC1 /* Build configuration list for PBXProject "WeatherLogger" */;
			compatibilityVersion = "Xcode 9.3";
			developmentRegion = en;
			hasScannedForEncodings = 0;
			knownRegions = (
				en,
				Base,
			);
			mainGroup = E46E032D240D094A0080DFC1;
			productRefGroup = E46E0337240D094B0080DFC1 /* Products */;
			projectDirPath = "";
			projectRoot = "";
			targets = (
				E46E0335240D094B0080DFC1 /* WeatherLogger */,
				E46E034B240D094C0080DFC1 /* WeatherLoggerTests */,
				E46E0356240D094C0080DFC1 /* WeatherLoggerUITests */,
			);
		};
/* End PBXProject section */

/* Begin PBXResourcesBuildPhase section */
		E46E0334240D094B0080DFC1 /* Resources */ = {
			isa = PBXResourcesBuildPhase;
			buildActionMask = 2147483647;
			files = (
				E46E0346240D094C0080DFC1 /* LaunchScreen.storyboard in Resources */,
				E46E0343240D094C0080DFC1 /* Assets.xcassets in Resources */,
				E46E0341240D094B0080DFC1 /* Main.storyboard in Resources */,
			);
			runOnlyForDeploymentPostprocessing = 0;
		};
		E46E034A240D094C0080DFC1 /* Resources */ = {
			isa = PBXResourcesBuildPhase;
			buildActionMask = 2147483647;
			files = (
			);
			runOnlyForDeploymentPostprocessing = 0;
		};
		E46E0355240D094C0080DFC1 /* Resources */ = {
			isa = PBXResourcesBuildPhase;
			buildActionMask = 2147483647;
			files = (
			);
			runOnlyForDeploymentPostprocessing = 0;
		};
/* End PBXResourcesBuildPhase section */

/* Begin PBXSourcesBuildPhase section */
		E46E0332240D094B0080DFC1 /* Sources */ = {
			isa = PBXSourcesBuildPhase;
			buildActionMask = 2147483647;
			files = (
				E46E033E240D094B0080DFC1 /* ViewController.swift in Sources */,
				E46E033A240D094B0080DFC1 /* AppDelegate.swift in Sources */,
				E46E033C240D094B0080DFC1 /* SceneDelegate.swift in Sources */,
			);
			runOnlyForDeploymentPostprocessing = 0;
		};
		E46E0348240D094C0080DFC1 /* Sources */ = {
			isa = PBXSourcesBuildPhase;
			buildActionMask = 2147483647;
			files = (
				E46E0351240D094C0080DFC1 /* WeatherLoggerTests.swift in Sources */,
			);
			runOnlyForDeploymentPostprocessing = 0;
		};
		E46E0353240D094C0080DFC1 /* Sources */ = {
			isa = PBXSourcesBuildPhase;
			buildActionMask = 2147483647;
			files = (
				E46E035C240D094C0080DFC1 /* WeatherLoggerUITests.swift in Sources */,
			);
			runOnlyForDeploymentPostprocessing = 0;
		};
/* End PBXSourcesBuildPhase section */

/* Begin PBXTargetDependency section */
		E46E034E240D094C0080DFC1 /* PBXTargetDependency */ = {
			isa = PBXTargetDependency;
			target = E46E0335240D094B0080DFC1 /* WeatherLogger */;
			targetProxy = E46E034D240D094C0080DFC1 /* PBXContainerItemProxy */;
		};
		E46E0359240D094C0080DFC1 /* PBXTargetDependency */ = {
			isa = PBXTargetDependency;
			target = E46E0335240D094B0080DFC1 /* WeatherLogger */;
			targetProxy = E46E0358240D094C0080DFC1 /* PBXContainerItemProxy */;
		};
/* End PBXTargetDependency section */

/* Begin PBXVariantGroup section */
		E46E033F240D094B0080DFC1 /* Main.storyboard */ = {
			isa = PBXVariantGroup;
			children = (
				E46E0340240D094B0080DFC1 /* Base */,
			);
			name = Main.storyboard;
			sourceTree = "<group>";
		};
		E46E0344240D094C0080DFC1 /* LaunchScreen.storyboard */ = {
			isa = PBXVariantGroup;
			children = (
				E46E0345240D094C0080DFC1 /* Base */,
			);
			name = LaunchScreen.storyboard;
			sourceTree = "<group>";
		};
/* End PBXVariantGroup section */

/* Begin XCBuildConfiguration section */
		E46E035E240D094C0080DFC1 /* Debug */ = {
			isa = XCBuildConfiguration;
			buildSettings = {
				ALWAYS_SEARCH_USER_PATHS = NO;
				CLANG_ANALYZER_NONNULL = YES;
				CLANG_ANALYZER_NUMBER_OBJECT_CONVERSION = YES_AGGRESSIVE;
				CLANG_CXX_LANGUAGE_STANDARD = "gnu++14";
				CLANG_CXX_LIBRARY = "libc++";
				CLANG_ENABLE_MODULES = YES;
				CLANG_ENABLE_OBJC_ARC = YES;
				CLANG_ENABLE_OBJC_WEAK = YES;
				CLANG_WARN_BLOCK_CAPTURE_AUTORELEASING = YES;
				CLANG_WARN_BOOL_CONVERSION = YES;
				CLANG_WARN_COMMA = YES;
				CLANG_WARN_CONSTANT_CONVERSION = YES;
				CLANG_WARN_DEPRECATED_OBJC_IMPLEMENTATIONS = YES;
				CLANG_WARN_DIRECT_OBJC_ISA_USAGE = YES_ERROR;
				CLANG_WARN_DOCUMENTATION_COMMENTS = YES;
				CLANG_WARN_EMPTY_BODY = YES;
				CLANG_WARN_ENUM_CONVERSION = YES;
				CLANG_WARN_INFINITE_RECURSION = YES;
				CLANG_WARN_INT_CONVERSION = YES;
				CLANG_WARN_NON_LITERAL_NULL_CONVERSION = YES;
				CLANG_WARN_OBJC_IMPLICIT_RETAIN_SELF = YES;
				CLANG_WARN_OBJC_LITERAL_CONVERSION = YES;
				CLANG_WARN_OBJC_ROOT_CLASS = YES_ERROR;
				CLANG_WARN_RANGE_LOOP_ANALYSIS = YES;
				CLANG_WARN_STRICT_PROTOTYPES = YES;
				CLANG_WARN_SUSPICIOUS_MOVE = YES;
				CLANG_WARN_UNGUARDED_AVAILABILITY = YES_AGGRESSIVE;
				CLANG_WARN_UNREACHABLE_CODE = YES;
				CLANG_WARN__DUPLICATE_METHOD_MATCH = YES;
				COPY_PHASE_STRIP = NO;
				DEBUG_INFORMATION_FORMAT = dwarf;
				ENABLE_STRICT_OBJC_MSGSEND = YES;
				ENABLE_TESTABILITY = YES;
				GCC_C_LANGUAGE_STANDARD = gnu11;
				GCC_DYNAMIC_NO_PIC = NO;
				GCC_NO_COMMON_BLOCKS = YES;
				GCC_OPTIMIZATION_LEVEL = 0;
				GCC_PREPROCESSOR_DEFINITIONS = (
					"DEBUG=1",
					"$(inherited)",
				);
				GCC_WARN_64_TO_32_BIT_CONVERSION = YES;
				GCC_WARN_ABOUT_RETURN_TYPE = YES_ERROR;
				GCC_WARN_UNDECLARED_SELECTOR = YES;
				GCC_WARN_UNINITIALIZED_AUTOS = YES_AGGRESSIVE;
				GCC_WARN_UNUSED_FUNCTION = YES;
				GCC_WARN_UNUSED_VARIABLE = YES;
				IPHONEOS_DEPLOYMENT_TARGET = 13.2;
				MTL_ENABLE_DEBUG_INFO = INCLUDE_SOURCE;
				MTL_FAST_MATH = YES;
				ONLY_ACTIVE_ARCH = YES;
				SDKROOT = iphoneos;
				SWIFT_ACTIVE_COMPILATION_CONDITIONS = DEBUG;
				SWIFT_OPTIMIZATION_LEVEL = "-Onone";
			};
			name = Debug;
		};
		E46E035F240D094C0080DFC1 /* Release */ = {
			isa = XCBuildConfiguration;
			buildSettings = {
				ALWAYS_SEARCH_USER_PATHS = NO;
				CLANG_ANALYZER_NONNULL = YES;
				CLANG_ANALYZER_NUMBER_OBJECT_CONVERSION = YES_AGGRESSIVE;
				CLANG_CXX_LANGUAGE_STANDARD = "gnu++14";
				CLANG_CXX_LIBRARY = "libc++";
				CLANG_ENABLE_MODULES = YES;
				CLANG_ENABLE_OBJC_ARC = YES;
				CLANG_ENABLE_OBJC_WEAK = YES;
				CLANG_WARN_BLOCK_CAPTURE_AUTORELEASING = YES;
				CLANG_WARN_BOOL_CONVERSION = YES;
				CLANG_WARN_COMMA = YES;
				CLANG_WARN_CONSTANT_CONVERSION = YES;
				CLANG_WARN_DEPRECATED_OBJC_IMPLEMENTATIONS = YES;
				CLANG_WARN_DIRECT_OBJC_ISA_USAGE = YES_ERROR;
				CLANG_WARN_DOCUMENTATION_COMMENTS = YES;
				CLANG_WARN_EMPTY_BODY = YES;
				CLANG_WARN_ENUM_CONVERSION = YES;
				CLANG_WARN_INFINITE_RECURSION = YES;
				CLANG_WARN_INT_CONVERSION = YES;
				CLANG_WARN_NON_LITERAL_NULL_CONVERSION = YES;
				CLANG_WARN_OBJC_IMPLICIT_RETAIN_SELF = YES;
				CLANG_WARN_OBJC_LITERAL_CONVERSION = YES;
				CLANG_WARN_OBJC_ROOT_CLASS = YES_ERROR;
				CLANG_WARN_RANGE_LOOP_ANALYSIS = YES;
				CLANG_WARN_STRICT_PROTOTYPES = YES;
				CLANG_WARN_SUSPICIOUS_MOVE = YES;
				CLANG_WARN_UNGUARDED_AVAILABILITY = YES_AGGRESSIVE;
				CLANG_WARN_UNREACHABLE_CODE = YES;
				CLANG_WARN__DUPLICATE_METHOD_MATCH = YES;
				COPY_PHASE_STRIP = NO;
				DEBUG_INFORMATION_FORMAT = "dwarf-with-dsym";
				ENABLE_NS_ASSERTIONS = NO;
				ENABLE_STRICT_OBJC_MSGSEND = YES;
				GCC_C_LANGUAGE_STANDARD = gnu11;
				GCC_NO_COMMON_BLOCKS = YES;
				GCC_WARN_64_TO_32_BIT_CONVERSION = YES;
				GCC_WARN_ABOUT_RETURN_TYPE = YES_ERROR;
				GCC_WARN_UNDECLARED_SELECTOR = YES;
				GCC_WARN_UNINITIALIZED_AUTOS = YES_AGGRESSIVE;
				GCC_WARN_UNUSED_FUNCTION = YES;
				GCC_WARN_UNUSED_VARIABLE = YES;
				IPHONEOS_DEPLOYMENT_TARGET = 13.2;
				MTL_ENABLE_DEBUG_INFO = NO;
				MTL_FAST_MATH = YES;
				SDKROOT = iphoneos;
				SWIFT_COMPILATION_MODE = wholemodule;
				SWIFT_OPTIMIZATION_LEVEL = "-O";
				VALIDATE_PRODUCT = YES;
			};
			name = Release;
		};
		E46E0361240D094C0080DFC1 /* Debug */ = {
			isa = XCBuildConfiguration;
			buildSettings = {
				ASSETCATALOG_COMPILER_APPICON_NAME = AppIcon;
				CODE_SIGN_STYLE = Automatic;
				DEVELOPMENT_TEAM = Q6H55AY6YP;
				INFOPLIST_FILE = WeatherLogger/Info.plist;
				LD_RUNPATH_SEARCH_PATHS = (
					"$(inherited)",
					"@executable_path/Frameworks",
				);
				PRODUCT_BUNDLE_IDENTIFIER = com.ihak.arpatech.WeatherLogger;
				PRODUCT_NAME = "$(TARGET_NAME)";
				SWIFT_VERSION = 5.0;
				TARGETED_DEVICE_FAMILY = "1,2";
			};
			name = Debug;
		};
		E46E0362240D094C0080DFC1 /* Release */ = {
			isa = XCBuildConfiguration;
			buildSettings = {
				ASSETCATALOG_COMPILER_APPICON_NAME = AppIcon;
				CODE_SIGN_STYLE = Automatic;
				DEVELOPMENT_TEAM = Q6H55AY6YP;
				INFOPLIST_FILE = WeatherLogger/Info.plist;
				LD_RUNPATH_SEARCH_PATHS = (
					"$(inherited)",
					"@executable_path/Frameworks",
				);
				PRODUCT_BUNDLE_IDENTIFIER = com.ihak.arpatech.WeatherLogger;
				PRODUCT_NAME = "$(TARGET_NAME)";
				SWIFT_VERSION = 5.0;
				TARGETED_DEVICE_FAMILY = "1,2";
			};
			name = Release;
		};
		E46E0364240D094C0080DFC1 /* Debug */ = {
			isa = XCBuildConfiguration;
			buildSettings = {
				ALWAYS_EMBED_SWIFT_STANDARD_LIBRARIES = YES;
				BUNDLE_LOADER = "$(TEST_HOST)";
				CODE_SIGN_STYLE = Automatic;
				DEVELOPMENT_TEAM = Q6H55AY6YP;
				INFOPLIST_FILE = WeatherLoggerTests/Info.plist;
				IPHONEOS_DEPLOYMENT_TARGET = 13.2;
				LD_RUNPATH_SEARCH_PATHS = (
					"$(inherited)",
					"@executable_path/Frameworks",
					"@loader_path/Frameworks",
				);
				PRODUCT_BUNDLE_IDENTIFIER = com.ihak.arpatech.WeatherLoggerTests;
				PRODUCT_NAME = "$(TARGET_NAME)";
				SWIFT_VERSION = 5.0;
				TARGETED_DEVICE_FAMILY = "1,2";
				TEST_HOST = "$(BUILT_PRODUCTS_DIR)/WeatherLogger.app/WeatherLogger";
			};
			name = Debug;
		};
		E46E0365240D094C0080DFC1 /* Release */ = {
			isa = XCBuildConfiguration;
			buildSettings = {
				ALWAYS_EMBED_SWIFT_STANDARD_LIBRARIES = YES;
				BUNDLE_LOADER = "$(TEST_HOST)";
				CODE_SIGN_STYLE = Automatic;
				DEVELOPMENT_TEAM = Q6H55AY6YP;
				INFOPLIST_FILE = WeatherLoggerTests/Info.plist;
				IPHONEOS_DEPLOYMENT_TARGET = 13.2;
				LD_RUNPATH_SEARCH_PATHS = (
					"$(inherited)",
					"@executable_path/Frameworks",
					"@loader_path/Frameworks",
				);
				PRODUCT_BUNDLE_IDENTIFIER = com.ihak.arpatech.WeatherLoggerTests;
				PRODUCT_NAME = "$(TARGET_NAME)";
				SWIFT_VERSION = 5.0;
				TARGETED_DEVICE_FAMILY = "1,2";
				TEST_HOST = "$(BUILT_PRODUCTS_DIR)/WeatherLogger.app/WeatherLogger";
			};
			name = Release;
		};
		E46E0367240D094C0080DFC1 /* Debug */ = {
			isa = XCBuildConfiguration;
			buildSettings = {
				ALWAYS_EMBED_SWIFT_STANDARD_LIBRARIES = YES;
				CODE_SIGN_STYLE = Automatic;
				DEVELOPMENT_TEAM = Q6H55AY6YP;
				INFOPLIST_FILE = WeatherLoggerUITests/Info.plist;
				LD_RUNPATH_SEARCH_PATHS = (
					"$(inherited)",
					"@executable_path/Frameworks",
					"@loader_path/Frameworks",
				);
				PRODUCT_BUNDLE_IDENTIFIER = com.ihak.arpatech.WeatherLoggerUITests;
				PRODUCT_NAME = "$(TARGET_NAME)";
				SWIFT_VERSION = 5.0;
				TARGETED_DEVICE_FAMILY = "1,2";
				TEST_TARGET_NAME = WeatherLogger;
			};
			name = Debug;
		};
		E46E0368240D094C0080DFC1 /* Release */ = {
			isa = XCBuildConfiguration;
			buildSettings = {
				ALWAYS_EMBED_SWIFT_STANDARD_LIBRARIES = YES;
				CODE_SIGN_STYLE = Automatic;
				DEVELOPMENT_TEAM = Q6H55AY6YP;
				INFOPLIST_FILE = WeatherLoggerUITests/Info.plist;
				LD_RUNPATH_SEARCH_PATHS = (
					"$(inherited)",
					"@executable_path/Frameworks",
					"@loader_path/Frameworks",
				);
				PRODUCT_BUNDLE_IDENTIFIER = com.ihak.arpatech.WeatherLoggerUITests;
				PRODUCT_NAME = "$(TARGET_NAME)";
				SWIFT_VERSION = 5.0;
				TARGETED_DEVICE_FAMILY = "1,2";
				TEST_TARGET_NAME = WeatherLogger;
			};
			name = Release;
		};
/* End XCBuildConfiguration section */

/* Begin XCConfigurationList section */
		E46E0331240D094A0080DFC1 /* Build configuration list for PBXProject "WeatherLogger" */ = {
			isa = XCConfigurationList;
			buildConfigurations = (
				E46E035E240D094C0080DFC1 /* Debug */,
				E46E035F240D094C0080DFC1 /* Release */,
			);
			defaultConfigurationIsVisible = 0;
			defaultConfigurationName = Release;
		};
		E46E0360240D094C0080DFC1 /* Build configuration list for PBXNativeTarget "WeatherLogger" */ = {
			isa = XCConfigurationList;
			buildConfigurations = (
				E46E0361240D094C0080DFC1 /* Debug */,
				E46E0362240D094C0080DFC1 /* Release */,
			);
			defaultConfigurationIsVisible = 0;
			defaultConfigurationName = Release;
		};
		E46E0363240D094C0080DFC1 /* Build configuration list for PBXNativeTarget "WeatherLoggerTests" */ = {
			isa = XCConfigurationList;
			buildConfigurations = (
				E46E0364240D094C0080DFC1 /* Debug */,
				E46E0365240D094C0080DFC1 /* Release */,
			);
			defaultConfigurationIsVisible = 0;
			defaultConfigurationName = Release;
		};
		E46E0366240D094C0080DFC1 /* Build configuration list for PBXNativeTarget "WeatherLoggerUITests" */ = {
			isa = XCConfigurationList;
			buildConfigurations = (
				E46E0367240D094C0080DFC1 /* Debug */,
				E46E0368240D094C0080DFC1 /* Release */,
			);
			defaultConfigurationIsVisible = 0;
			defaultConfigurationName = Release;
		};
/* End XCConfigurationList section */
	};
	rootObject = E46E032E240D094A0080DFC1 /* Project object */;
}
